
Microsoft Visual Studio Solution File, Format Version 11.00
# Visual Studio 2010
Project("{FAE04EC0-301F-11D3-BF4B-00C04F79EFBC}") = "VuforiaScripts", "VuforiaScripts.csproj", "{2B34BDD4-8975-D089-5FE9-4039A908ADE9}"
EndProject
Project("{FAE04EC0-301F-11D3-BF4B-00C04F79EFBC}") = "VuforiaEditorScripts", "VuforiaEditorScripts.csproj", "{8FC0C6AD-CF17-AE2E-1244-28CD6BE8B168}"
EndProject
Global
	GlobalSection(SolutionConfigurationPlatforms) = preSolution
		Debug|Any CPU = Debug|Any CPU
		Release|Any CPU = Release|Any CPU
	EndGlobalSection
	GlobalSection(ProjectConfigurationPlatforms) = postSolution
		{2B34BDD4-8975-D089-5FE9-4039A908ADE9}.Debug|Any CPU.ActiveCfg = Debug|Any CPU
		{2B34BDD4-8975-D089-5FE9-4039A908ADE9}.Debug|Any CPU.Build.0 = Debug|Any CPU
		{2B34BDD4-8975-D089-5FE9-4039A908ADE9}.Release|Any CPU.ActiveCfg = Release|Any CPU
		{2B34BDD4-8975-D089-5FE9-4039A908ADE9}.Release|Any CPU.Build.0 = Release|Any CPU
		{8FC0C6AD-CF17-AE2E-1244-28CD6BE8B168}.Debug|Any CPU.ActiveCfg = Debug|Any CPU
		{8FC0C6AD-CF17-AE2E-1244-28CD6BE8B168}.Debug|Any CPU.Build.0 = Debug|Any CPU
		{8FC0C6AD-CF17-AE2E-1244-28CD6BE8B168}.Release|Any CPU.ActiveCfg = Release|Any CPU
		{8FC0C6AD-CF17-AE2E-1244-28CD6BE8B168}.Release|Any CPU.Build.0 = Release|Any CPU
	EndGlobalSection
	GlobalSection(SolutionProperties) = preSolution
		HideSolutionNode = FALSE
	EndGlobalSection
	GlobalSection(MonoDevelopProperties) = preSolution
		StartupItem = Assembly-CSharp.csproj
	EndGlobalSection
EndGlobal
